
Microsoft Visual Studio Solution File, Format Version 12.00
# Visual Studio Version 17
VisualStudioVersion = 17.1.32421.90
MinimumVisualStudioVersion = 10.0.40219.1
Project("{FAE04EC0-301F-11D3-BF4B-00C04F79EFBC}") = "Employee Database", "Employee Database.csproj", "{C3CC5936-44B9-4299-A78E-8C28563CCA0B}"
EndProject
Global
	GlobalSection(SolutionConfigurationPlatforms) = preSolution
		Debug|Any CPU = Debug|Any CPU
		Release|Any CPU = Release|Any CPU
	EndGlobalSection
	GlobalSection(ProjectConfigurationPlatforms) = postSolution
		{C3CC5936-44B9-4299-A78E-8C28563CCA0B}.Debug|Any CPU.ActiveCfg = Debug|Any CPU
		{C3CC5936-44B9-4299-A78E-8C28563CCA0B}.Debug|Any CPU.Build.0 = Debug|Any CPU
		{C3CC5936-44B9-4299-A78E-8C28563CCA0B}.Release|Any CPU.ActiveCfg = Release|Any CPU
		{C3CC5936-44B9-4299-A78E-8C28563CCA0B}.Release|Any CPU.Build.0 = Release|Any CPU
	EndGlobalSection
	GlobalSection(SolutionProperties) = preSolution
		HideSolutionNode = FALSE
	EndGlobalSection
	GlobalSection(ExtensibilityGlobals) = postSolution
		SolutionGuid = {878E5F1D-E6E8-4642-9052-42CB6FDA0024}
	EndGlobalSection
EndGlobal
